
Microsoft Visual Studio Solution File, Format Version 12.00
# Visual Studio Version 16
VisualStudioVersion = 16.0.31702.278
MinimumVisualStudioVersion = 10.0.40219.1
Project("{FAE04EC0-301F-11D3-BF4B-00C04F79EFBC}") = "jyanken", "jyanken\jyanken.csproj", "{BD0D3BF6-3A6C-43B8-BAB3-29A519EEFEC0}"
EndProject
Global
	GlobalSection(SolutionConfigurationPlatforms) = preSolution
		Debug|Any CPU = Debug|Any CPU
		Release|Any CPU = Release|Any CPU
	EndGlobalSection
	GlobalSection(ProjectConfigurationPlatforms) = postSolution
		{BD0D3BF6-3A6C-43B8-BAB3-29A519EEFEC0}.Debug|Any CPU.ActiveCfg = Debug|Any CPU
		{BD0D3BF6-3A6C-43B8-BAB3-29A519EEFEC0}.Debug|Any CPU.Build.0 = Debug|Any CPU
		{BD0D3BF6-3A6C-43B8-BAB3-29A519EEFEC0}.Release|Any CPU.ActiveCfg = Release|Any CPU
		{BD0D3BF6-3A6C-43B8-BAB3-29A519EEFEC0}.Release|Any CPU.Build.0 = Release|Any CPU
	EndGlobalSection
	GlobalSection(SolutionProperties) = preSolution
		HideSolutionNode = FALSE
	EndGlobalSection
	GlobalSection(ExtensibilityGlobals) = postSolution
		SolutionGuid = {B5A7B660-937C-40EB-A993-957343081E2E}
	EndGlobalSection
EndGlobal
