
Microsoft Visual Studio Solution File, Format Version 12.00
# Visual Studio Version 16
VisualStudioVersion = 16.0.31702.278
MinimumVisualStudioVersion = 10.0.40219.1
Project("{9A19103F-16F7-4668-BE54-9A1E7A4F7556}") = "kayoubi", "kayoubi\kayoubi.csproj", "{7DFD2B1A-D4AF-4D4B-90A9-3D91037B8638}"
EndProject
Project("{FAE04EC0-301F-11D3-BF4B-00C04F79EFBC}") = "kayoubi2", "kayoubi2\kayoubi2.csproj", "{93582CA5-BB05-485D-BB6D-421D55036459}"
EndProject
Project("{FAE04EC0-301F-11D3-BF4B-00C04F79EFBC}") = "kadai5", "kadai5\kadai5.csproj", "{E3F349BC-4D0B-4808-9515-5066E175B5C7}"
EndProject
Global
	GlobalSection(SolutionConfigurationPlatforms) = preSolution
		Debug|Any CPU = Debug|Any CPU
		Release|Any CPU = Release|Any CPU
	EndGlobalSection
	GlobalSection(ProjectConfigurationPlatforms) = postSolution
		{7DFD2B1A-D4AF-4D4B-90A9-3D91037B8638}.Debug|Any CPU.ActiveCfg = Debug|Any CPU
		{7DFD2B1A-D4AF-4D4B-90A9-3D91037B8638}.Debug|Any CPU.Build.0 = Debug|Any CPU
		{7DFD2B1A-D4AF-4D4B-90A9-3D91037B8638}.Release|Any CPU.ActiveCfg = Release|Any CPU
		{7DFD2B1A-D4AF-4D4B-90A9-3D91037B8638}.Release|Any CPU.Build.0 = Release|Any CPU
		{93582CA5-BB05-485D-BB6D-421D55036459}.Debug|Any CPU.ActiveCfg = Debug|Any CPU
		{93582CA5-BB05-485D-BB6D-421D55036459}.Debug|Any CPU.Build.0 = Debug|Any CPU
		{93582CA5-BB05-485D-BB6D-421D55036459}.Release|Any CPU.ActiveCfg = Release|Any CPU
		{93582CA5-BB05-485D-BB6D-421D55036459}.Release|Any CPU.Build.0 = Release|Any CPU
		{E3F349BC-4D0B-4808-9515-5066E175B5C7}.Debug|Any CPU.ActiveCfg = Debug|Any CPU
		{E3F349BC-4D0B-4808-9515-5066E175B5C7}.Debug|Any CPU.Build.0 = Debug|Any CPU
		{E3F349BC-4D0B-4808-9515-5066E175B5C7}.Release|Any CPU.ActiveCfg = Release|Any CPU
		{E3F349BC-4D0B-4808-9515-5066E175B5C7}.Release|Any CPU.Build.0 = Release|Any CPU
	EndGlobalSection
	GlobalSection(SolutionProperties) = preSolution
		HideSolutionNode = FALSE
	EndGlobalSection
	GlobalSection(ExtensibilityGlobals) = postSolution
		SolutionGuid = {732FAB69-4691-4C35-A2F4-3E416704846A}
	EndGlobalSection
EndGlobal
