
Microsoft Visual Studio Solution File, Format Version 12.00
# Visual Studio Version 16
VisualStudioVersion = 16.0.31702.278
MinimumVisualStudioVersion = 10.0.40219.1
Project("{FAE04EC0-301F-11D3-BF4B-00C04F79EFBC}") = "DrawApp", "DrawApp\DrawApp.csproj", "{71C91846-D7F4-400B-84AA-18E9912D5185}"
EndProject
Global
	GlobalSection(SolutionConfigurationPlatforms) = preSolution
		Debug|Any CPU = Debug|Any CPU
		Release|Any CPU = Release|Any CPU
	EndGlobalSection
	GlobalSection(ProjectConfigurationPlatforms) = postSolution
		{71C91846-D7F4-400B-84AA-18E9912D5185}.Debug|Any CPU.ActiveCfg = Debug|Any CPU
		{71C91846-D7F4-400B-84AA-18E9912D5185}.Debug|Any CPU.Build.0 = Debug|Any CPU
		{71C91846-D7F4-400B-84AA-18E9912D5185}.Release|Any CPU.ActiveCfg = Release|Any CPU
		{71C91846-D7F4-400B-84AA-18E9912D5185}.Release|Any CPU.Build.0 = Release|Any CPU
	EndGlobalSection
	GlobalSection(SolutionProperties) = preSolution
		HideSolutionNode = FALSE
	EndGlobalSection
	GlobalSection(ExtensibilityGlobals) = postSolution
		SolutionGuid = {5C55273D-B4CF-4A66-9CCB-384838DDA73F}
	EndGlobalSection
EndGlobal
