
Microsoft Visual Studio Solution File, Format Version 12.00
# Visual Studio Version 16
VisualStudioVersion = 16.0.31702.278
MinimumVisualStudioVersion = 10.0.40219.1
Project("{FAE04EC0-301F-11D3-BF4B-00C04F79EFBC}") = "PhoneBook", "PhoneBook\PhoneBook.csproj", "{2262531D-BFE3-4B02-AD2A-A2B0DAF5229C}"
EndProject
Global
	GlobalSection(SolutionConfigurationPlatforms) = preSolution
		Debug|Any CPU = Debug|Any CPU
		Release|Any CPU = Release|Any CPU
	EndGlobalSection
	GlobalSection(ProjectConfigurationPlatforms) = postSolution
		{2262531D-BFE3-4B02-AD2A-A2B0DAF5229C}.Debug|Any CPU.ActiveCfg = Debug|Any CPU
		{2262531D-BFE3-4B02-AD2A-A2B0DAF5229C}.Debug|Any CPU.Build.0 = Debug|Any CPU
		{2262531D-BFE3-4B02-AD2A-A2B0DAF5229C}.Release|Any CPU.ActiveCfg = Release|Any CPU
		{2262531D-BFE3-4B02-AD2A-A2B0DAF5229C}.Release|Any CPU.Build.0 = Release|Any CPU
	EndGlobalSection
	GlobalSection(SolutionProperties) = preSolution
		HideSolutionNode = FALSE
	EndGlobalSection
	GlobalSection(ExtensibilityGlobals) = postSolution
		SolutionGuid = {8419C3BC-7E53-4E70-86E8-17293ED0C1CA}
	EndGlobalSection
EndGlobal
