
Microsoft Visual Studio Solution File, Format Version 12.00
# Visual Studio Version 16
VisualStudioVersion = 16.0.31702.278
MinimumVisualStudioVersion = 10.0.40219.1
Project("{FAE04EC0-301F-11D3-BF4B-00C04F79EFBC}") = "weatherchecker", "WindowsFormsApp1\weatherchecker.csproj", "{E8746CB8-E9F3-4CD3-A8CA-1EC59F1A29DF}"
EndProject
Global
	GlobalSection(SolutionConfigurationPlatforms) = preSolution
		Debug|Any CPU = Debug|Any CPU
		Release|Any CPU = Release|Any CPU
	EndGlobalSection
	GlobalSection(ProjectConfigurationPlatforms) = postSolution
		{E8746CB8-E9F3-4CD3-A8CA-1EC59F1A29DF}.Debug|Any CPU.ActiveCfg = Debug|Any CPU
		{E8746CB8-E9F3-4CD3-A8CA-1EC59F1A29DF}.Debug|Any CPU.Build.0 = Debug|Any CPU
		{E8746CB8-E9F3-4CD3-A8CA-1EC59F1A29DF}.Release|Any CPU.ActiveCfg = Release|Any CPU
		{E8746CB8-E9F3-4CD3-A8CA-1EC59F1A29DF}.Release|Any CPU.Build.0 = Release|Any CPU
	EndGlobalSection
	GlobalSection(SolutionProperties) = preSolution
		HideSolutionNode = FALSE
	EndGlobalSection
	GlobalSection(ExtensibilityGlobals) = postSolution
		SolutionGuid = {EC9D438F-D756-48F0-9730-5D56A6A4A0CD}
	EndGlobalSection
EndGlobal
