
Microsoft Visual Studio Solution File, Format Version 12.00
# Visual Studio Version 16
VisualStudioVersion = 16.0.31702.278
MinimumVisualStudioVersion = 10.0.40219.1
Project("{FAE04EC0-301F-11D3-BF4B-00C04F79EFBC}") = "Sample RPG", "Sample RPG\Sample RPG.csproj", "{0C8BE3BA-6CB7-4E5A-8E55-D4745A8B8120}"
EndProject
Global
	GlobalSection(SolutionConfigurationPlatforms) = preSolution
		Debug|Any CPU = Debug|Any CPU
		Release|Any CPU = Release|Any CPU
	EndGlobalSection
	GlobalSection(ProjectConfigurationPlatforms) = postSolution
		{0C8BE3BA-6CB7-4E5A-8E55-D4745A8B8120}.Debug|Any CPU.ActiveCfg = Debug|Any CPU
		{0C8BE3BA-6CB7-4E5A-8E55-D4745A8B8120}.Debug|Any CPU.Build.0 = Debug|Any CPU
		{0C8BE3BA-6CB7-4E5A-8E55-D4745A8B8120}.Release|Any CPU.ActiveCfg = Release|Any CPU
		{0C8BE3BA-6CB7-4E5A-8E55-D4745A8B8120}.Release|Any CPU.Build.0 = Release|Any CPU
	EndGlobalSection
	GlobalSection(SolutionProperties) = preSolution
		HideSolutionNode = FALSE
	EndGlobalSection
	GlobalSection(ExtensibilityGlobals) = postSolution
		SolutionGuid = {5C5761C2-6055-4AF5-A59B-5DD7FF2D1C38}
	EndGlobalSection
EndGlobal
