
Microsoft Visual Studio Solution File, Format Version 12.00
# Visual Studio Version 16
VisualStudioVersion = 16.0.31702.278
MinimumVisualStudioVersion = 10.0.40219.1
Project("{FAE04EC0-301F-11D3-BF4B-00C04F79EFBC}") = "wtks", "wtks\wtks.csproj", "{7EAF5F7B-54AD-4308-9F6D-5B33AF0C37A6}"
EndProject
Global
	GlobalSection(SolutionConfigurationPlatforms) = preSolution
		Debug|Any CPU = Debug|Any CPU
		Release|Any CPU = Release|Any CPU
	EndGlobalSection
	GlobalSection(ProjectConfigurationPlatforms) = postSolution
		{7EAF5F7B-54AD-4308-9F6D-5B33AF0C37A6}.Debug|Any CPU.ActiveCfg = Debug|Any CPU
		{7EAF5F7B-54AD-4308-9F6D-5B33AF0C37A6}.Debug|Any CPU.Build.0 = Debug|Any CPU
		{7EAF5F7B-54AD-4308-9F6D-5B33AF0C37A6}.Release|Any CPU.ActiveCfg = Release|Any CPU
		{7EAF5F7B-54AD-4308-9F6D-5B33AF0C37A6}.Release|Any CPU.Build.0 = Release|Any CPU
	EndGlobalSection
	GlobalSection(SolutionProperties) = preSolution
		HideSolutionNode = FALSE
	EndGlobalSection
	GlobalSection(ExtensibilityGlobals) = postSolution
		SolutionGuid = {DB21B016-B51E-4144-BCB0-4542A76348D5}
	EndGlobalSection
EndGlobal
