
Microsoft Visual Studio Solution File, Format Version 12.00
# Visual Studio Version 16
VisualStudioVersion = 16.0.31702.278
MinimumVisualStudioVersion = 10.0.40219.1
Project("{FAE04EC0-301F-11D3-BF4B-00C04F79EFBC}") = "jyanken mvsm", "jyanken mvsm\jyanken mvsm.csproj", "{427B22EF-DEEF-46DE-9D5A-0516BC593935}"
EndProject
Global
	GlobalSection(SolutionConfigurationPlatforms) = preSolution
		Debug|Any CPU = Debug|Any CPU
		Release|Any CPU = Release|Any CPU
	EndGlobalSection
	GlobalSection(ProjectConfigurationPlatforms) = postSolution
		{427B22EF-DEEF-46DE-9D5A-0516BC593935}.Debug|Any CPU.ActiveCfg = Debug|Any CPU
		{427B22EF-DEEF-46DE-9D5A-0516BC593935}.Debug|Any CPU.Build.0 = Debug|Any CPU
		{427B22EF-DEEF-46DE-9D5A-0516BC593935}.Release|Any CPU.ActiveCfg = Release|Any CPU
		{427B22EF-DEEF-46DE-9D5A-0516BC593935}.Release|Any CPU.Build.0 = Release|Any CPU
	EndGlobalSection
	GlobalSection(SolutionProperties) = preSolution
		HideSolutionNode = FALSE
	EndGlobalSection
	GlobalSection(ExtensibilityGlobals) = postSolution
		SolutionGuid = {E30AABED-179E-4973-A378-119737D3EA70}
	EndGlobalSection
EndGlobal
